// !$*UTF8*$!
{
	archiveVersion = 1;
	classes = {
	};
	objectVersion = 56;
	objects = {

/* Begin PBXBuildFile section */
		1C328A242ACC383C00516D2A /* CAAnimationGradientLayer.swift in Sources */ = {isa = PBXBuildFile; fileRef = 1C328A232ACC383C00516D2A /* CAAnimationGradientLayer.swift */; };
		1C5EC7D52AC1D5D2003D1D81 /* Assets.xcassets in Resources */ = {isa = PBXBuildFile; fileRef = 1C5EC7D42AC1D5D2003D1D81 /* Assets.xcassets */; };
		1C5EC7D82AC1D5D2003D1D81 /* LaunchScreen.storyboard in Resources */ = {isa = PBXBuildFile; fileRef = 1C5EC7D62AC1D5D2003D1D81 /* LaunchScreen.storyboard */; };
		1C5EC7E22AC1E77E003D1D81 /* AppDelegate.swift in Sources */ = {isa = PBXBuildFile; fileRef = 1C5EC7E02AC1E77E003D1D81 /* AppDelegate.swift */; };
		1C5EC7E32AC1E77E003D1D81 /* SceneDelegate.swift in Sources */ = {isa = PBXBuildFile; fileRef = 1C5EC7E12AC1E77E003D1D81 /* SceneDelegate.swift */; };
		1C5EC7F12AC1EAA1003D1D81 /* BaseUIViewController.swift in Sources */ = {isa = PBXBuildFile; fileRef = 1C5EC7F02AC1EAA1003D1D81 /* BaseUIViewController.swift */; };
		1C5EC7F62AC28E33003D1D81 /* Coordinator.swift in Sources */ = {isa = PBXBuildFile; fileRef = 1C5EC7F52AC28E33003D1D81 /* Coordinator.swift */; };
		1C5EC7F82AC28FC9003D1D81 /* AppCoordinator.swift in Sources */ = {isa = PBXBuildFile; fileRef = 1C5EC7F72AC28FC9003D1D81 /* AppCoordinator.swift */; };
		1C5EC7FB2AC2931A003D1D81 /* MainTabBarItemType.swift in Sources */ = {isa = PBXBuildFile; fileRef = 1C5EC7FA2AC2931A003D1D81 /* MainTabBarItemType.swift */; };
		1C5EC7FE2AC29FC3003D1D81 /* MainTabBarCoordinator.swift in Sources */ = {isa = PBXBuildFile; fileRef = 1C5EC7FD2AC29FC3003D1D81 /* MainTabBarCoordinator.swift */; };
		1C5EC8012AC2A5EE003D1D81 /* WeatherViewController.swift in Sources */ = {isa = PBXBuildFile; fileRef = 1C5EC8002AC2A5EE003D1D81 /* WeatherViewController.swift */; };
		1C5EC8032AC2A692003D1D81 /* WeatherViewCoordinator.swift in Sources */ = {isa = PBXBuildFile; fileRef = 1C5EC8022AC2A692003D1D81 /* WeatherViewCoordinator.swift */; };
		1C5EC8092AC2AF71003D1D81 /* AlarmViewController.swift in Sources */ = {isa = PBXBuildFile; fileRef = 1C5EC8082AC2AF71003D1D81 /* AlarmViewController.swift */; };
		1C5EC80B2AC2AF97003D1D81 /* AlarmViewCoordinator.swift in Sources */ = {isa = PBXBuildFile; fileRef = 1C5EC80A2AC2AF97003D1D81 /* AlarmViewCoordinator.swift */; };
		1C5EC80F2AC2DF49003D1D81 /* StopWatchViewController.swift in Sources */ = {isa = PBXBuildFile; fileRef = 1C5EC80E2AC2DF49003D1D81 /* StopWatchViewController.swift */; };
		1C5EC8112AC2DF80003D1D81 /* StopWatchViewCoordinator.swift in Sources */ = {isa = PBXBuildFile; fileRef = 1C5EC8102AC2DF80003D1D81 /* StopWatchViewCoordinator.swift */; };
		1C5EC8142AC2E061003D1D81 /* TimerViewController.swift in Sources */ = {isa = PBXBuildFile; fileRef = 1C5EC8132AC2E061003D1D81 /* TimerViewController.swift */; };
		1C5EC8162AC2E08B003D1D81 /* TimerViewCoordinator.swift in Sources */ = {isa = PBXBuildFile; fileRef = 1C5EC8152AC2E08B003D1D81 /* TimerViewCoordinator.swift */; };
		1C5EC81C2AC32349003D1D81 /* SnapKit in Frameworks */ = {isa = PBXBuildFile; productRef = 1C5EC81B2AC32349003D1D81 /* SnapKit */; };
		1C5EC81F2AC32358003D1D81 /* Then in Frameworks */ = {isa = PBXBuildFile; productRef = 1C5EC81E2AC32358003D1D81 /* Then */; };
		1C5EC8222AC32377003D1D81 /* Alamofire in Frameworks */ = {isa = PBXBuildFile; productRef = 1C5EC8212AC32377003D1D81 /* Alamofire */; };
		1C77AA922AC3EB6B00CE864C /* AddAlarmViewController.swift in Sources */ = {isa = PBXBuildFile; fileRef = 1C77AA912AC3EB6B00CE864C /* AddAlarmViewController.swift */; };
		1C77AA942AC3F0FB00CE864C /* AddAlarmViewCoordinator.swift in Sources */ = {isa = PBXBuildFile; fileRef = 1C77AA932AC3F0FB00CE864C /* AddAlarmViewCoordinator.swift */; };
		1C77AA962AC4066700CE864C /* NavigationCell.swift in Sources */ = {isa = PBXBuildFile; fileRef = 1C77AA952AC4066700CE864C /* NavigationCell.swift */; };
		1C77AA982AC40A9300CE864C /* TextFieldCell.swift in Sources */ = {isa = PBXBuildFile; fileRef = 1C77AA972AC40A9300CE864C /* TextFieldCell.swift */; };
		1C77AA9A2AC40C3F00CE864C /* SnoozeCell.swift in Sources */ = {isa = PBXBuildFile; fileRef = 1C77AA992AC40C3F00CE864C /* SnoozeCell.swift */; };
		1C77AA9C2AC41B0B00CE864C /* RepeatViewController.swift in Sources */ = {isa = PBXBuildFile; fileRef = 1C77AA9B2AC41B0B00CE864C /* RepeatViewController.swift */; };
		1C77AA9E2AC41D1600CE864C /* RepeatViewCoordinator.swift in Sources */ = {isa = PBXBuildFile; fileRef = 1C77AA9D2AC41D1600CE864C /* RepeatViewCoordinator.swift */; };
		1C77AAA12AC42C4F00CE864C /* SoundViewController.swift in Sources */ = {isa = PBXBuildFile; fileRef = 1C77AAA02AC42C4F00CE864C /* SoundViewController.swift */; };
		96330B782AC3D3B000C332F4 /* weatherAPI.swift in Sources */ = {isa = PBXBuildFile; fileRef = 96330B772AC3D3B000C332F4 /* weatherAPI.swift */; };
		96330B7A2AC423C700C332F4 /* detailInfoView.swift in Sources */ = {isa = PBXBuildFile; fileRef = 96330B792AC423C700C332F4 /* detailInfoView.swift */; };
		968B033E2AC6F66A008808B8 /* UIcolor+CALayer.swift in Sources */ = {isa = PBXBuildFile; fileRef = 968B033D2AC6F66A008808B8 /* UIcolor+CALayer.swift */; };
		968B03402ACAA9A0008808B8 /* weatherCondition.swift in Sources */ = {isa = PBXBuildFile; fileRef = 968B033F2ACAA9A0008808B8 /* weatherCondition.swift */; };
		D262CFF42AC3C10F001413AB /* StopWatchPage.storyboard in Resources */ = {isa = PBXBuildFile; fileRef = D262CFF32AC3C10F001413AB /* StopWatchPage.storyboard */; };
		D262CFF62AC3C755001413AB /* StopWatch.swift in Sources */ = {isa = PBXBuildFile; fileRef = D262CFF52AC3C755001413AB /* StopWatch.swift */; };
		D262CFF82AC3C9B0001413AB /* UIButton+Extension.swift in Sources */ = {isa = PBXBuildFile; fileRef = D262CFF72AC3C9B0001413AB /* UIButton+Extension.swift */; };
		D262CFFA2AC3C9ED001413AB /* UIView+Extension.swift in Sources */ = {isa = PBXBuildFile; fileRef = D262CFF92AC3C9ED001413AB /* UIView+Extension.swift */; };
		D262CFFC2AC3CC69001413AB /* TimerPage.storyboard in Resources */ = {isa = PBXBuildFile; fileRef = D262CFFB2AC3CC69001413AB /* TimerPage.storyboard */; };
		D262CFFE2AC3CD87001413AB /* TimerModel.swift in Sources */ = {isa = PBXBuildFile; fileRef = D262CFFD2AC3CD87001413AB /* TimerModel.swift */; };
		D262D0002AC3CFE5001413AB /* SelectRingtoneTableViewController.swift in Sources */ = {isa = PBXBuildFile; fileRef = D262CFFF2AC3CFE5001413AB /* SelectRingtoneTableViewController.swift */; };
/* End PBXBuildFile section */

/* Begin PBXFileReference section */
		1C328A232ACC383C00516D2A /* CAAnimationGradientLayer.swift */ = {isa = PBXFileReference; lastKnownFileType = sourcecode.swift; path = CAAnimationGradientLayer.swift; sourceTree = "<group>"; };
		1C5EC7C82AC1D5D1003D1D81 /* Alarm.app */ = {isa = PBXFileReference; explicitFileType = wrapper.application; includeInIndex = 0; path = Alarm.app; sourceTree = BUILT_PRODUCTS_DIR; };
		1C5EC7D42AC1D5D2003D1D81 /* Assets.xcassets */ = {isa = PBXFileReference; lastKnownFileType = folder.assetcatalog; path = Assets.xcassets; sourceTree = "<group>"; };
		1C5EC7D72AC1D5D2003D1D81 /* Base */ = {isa = PBXFileReference; lastKnownFileType = file.storyboard; name = Base; path = Base.lproj/LaunchScreen.storyboard; sourceTree = "<group>"; };
		1C5EC7D92AC1D5D2003D1D81 /* Info.plist */ = {isa = PBXFileReference; lastKnownFileType = text.plist.xml; path = Info.plist; sourceTree = "<group>"; };
		1C5EC7E02AC1E77E003D1D81 /* AppDelegate.swift */ = {isa = PBXFileReference; fileEncoding = 4; lastKnownFileType = sourcecode.swift; path = AppDelegate.swift; sourceTree = "<group>"; };
		1C5EC7E12AC1E77E003D1D81 /* SceneDelegate.swift */ = {isa = PBXFileReference; fileEncoding = 4; lastKnownFileType = sourcecode.swift; path = SceneDelegate.swift; sourceTree = "<group>"; };
		1C5EC7E72AC1EA8F003D1D81 /* .gitkeep */ = {isa = PBXFileReference; fileEncoding = 4; lastKnownFileType = text; path = .gitkeep; sourceTree = "<group>"; };
		1C5EC7E92AC1EA8F003D1D81 /* .gitkeep */ = {isa = PBXFileReference; fileEncoding = 4; lastKnownFileType = text; path = .gitkeep; sourceTree = "<group>"; };
		1C5EC7F02AC1EAA1003D1D81 /* BaseUIViewController.swift */ = {isa = PBXFileReference; lastKnownFileType = sourcecode.swift; path = BaseUIViewController.swift; sourceTree = "<group>"; };
		1C5EC7F52AC28E33003D1D81 /* Coordinator.swift */ = {isa = PBXFileReference; lastKnownFileType = sourcecode.swift; path = Coordinator.swift; sourceTree = "<group>"; };
		1C5EC7F72AC28FC9003D1D81 /* AppCoordinator.swift */ = {isa = PBXFileReference; lastKnownFileType = sourcecode.swift; path = AppCoordinator.swift; sourceTree = "<group>"; };
		1C5EC7FA2AC2931A003D1D81 /* MainTabBarItemType.swift */ = {isa = PBXFileReference; lastKnownFileType = sourcecode.swift; path = MainTabBarItemType.swift; sourceTree = "<group>"; };
		1C5EC7FD2AC29FC3003D1D81 /* MainTabBarCoordinator.swift */ = {isa = PBXFileReference; lastKnownFileType = sourcecode.swift; path = MainTabBarCoordinator.swift; sourceTree = "<group>"; };
		1C5EC8002AC2A5EE003D1D81 /* WeatherViewController.swift */ = {isa = PBXFileReference; lastKnownFileType = sourcecode.swift; path = WeatherViewController.swift; sourceTree = "<group>"; };
		1C5EC8022AC2A692003D1D81 /* WeatherViewCoordinator.swift */ = {isa = PBXFileReference; lastKnownFileType = sourcecode.swift; path = WeatherViewCoordinator.swift; sourceTree = "<group>"; };
		1C5EC8082AC2AF71003D1D81 /* AlarmViewController.swift */ = {isa = PBXFileReference; lastKnownFileType = sourcecode.swift; path = AlarmViewController.swift; sourceTree = "<group>"; };
		1C5EC80A2AC2AF97003D1D81 /* AlarmViewCoordinator.swift */ = {isa = PBXFileReference; lastKnownFileType = sourcecode.swift; path = AlarmViewCoordinator.swift; sourceTree = "<group>"; };
		1C5EC80E2AC2DF49003D1D81 /* StopWatchViewController.swift */ = {isa = PBXFileReference; lastKnownFileType = sourcecode.swift; path = StopWatchViewController.swift; sourceTree = "<group>"; };
		1C5EC8102AC2DF80003D1D81 /* StopWatchViewCoordinator.swift */ = {isa = PBXFileReference; lastKnownFileType = sourcecode.swift; path = StopWatchViewCoordinator.swift; sourceTree = "<group>"; };
		1C5EC8132AC2E061003D1D81 /* TimerViewController.swift */ = {isa = PBXFileReference; lastKnownFileType = sourcecode.swift; path = TimerViewController.swift; sourceTree = "<group>"; };
		1C5EC8152AC2E08B003D1D81 /* TimerViewCoordinator.swift */ = {isa = PBXFileReference; lastKnownFileType = sourcecode.swift; path = TimerViewCoordinator.swift; sourceTree = "<group>"; };
		1C77AA912AC3EB6B00CE864C /* AddAlarmViewController.swift */ = {isa = PBXFileReference; lastKnownFileType = sourcecode.swift; path = AddAlarmViewController.swift; sourceTree = "<group>"; };
		1C77AA932AC3F0FB00CE864C /* AddAlarmViewCoordinator.swift */ = {isa = PBXFileReference; lastKnownFileType = sourcecode.swift; path = AddAlarmViewCoordinator.swift; sourceTree = "<group>"; };
		1C77AA952AC4066700CE864C /* NavigationCell.swift */ = {isa = PBXFileReference; lastKnownFileType = sourcecode.swift; path = NavigationCell.swift; sourceTree = "<group>"; };
		1C77AA972AC40A9300CE864C /* TextFieldCell.swift */ = {isa = PBXFileReference; lastKnownFileType = sourcecode.swift; path = TextFieldCell.swift; sourceTree = "<group>"; };
		1C77AA992AC40C3F00CE864C /* SnoozeCell.swift */ = {isa = PBXFileReference; lastKnownFileType = sourcecode.swift; path = SnoozeCell.swift; sourceTree = "<group>"; };
		1C77AA9B2AC41B0B00CE864C /* RepeatViewController.swift */ = {isa = PBXFileReference; lastKnownFileType = sourcecode.swift; path = RepeatViewController.swift; sourceTree = "<group>"; };
		1C77AA9D2AC41D1600CE864C /* RepeatViewCoordinator.swift */ = {isa = PBXFileReference; lastKnownFileType = sourcecode.swift; path = RepeatViewCoordinator.swift; sourceTree = "<group>"; };
		1C77AAA02AC42C4F00CE864C /* SoundViewController.swift */ = {isa = PBXFileReference; lastKnownFileType = sourcecode.swift; path = SoundViewController.swift; sourceTree = "<group>"; };
		96330B772AC3D3B000C332F4 /* weatherAPI.swift */ = {isa = PBXFileReference; lastKnownFileType = sourcecode.swift; path = weatherAPI.swift; sourceTree = "<group>"; };
		96330B792AC423C700C332F4 /* detailInfoView.swift */ = {isa = PBXFileReference; lastKnownFileType = sourcecode.swift; path = detailInfoView.swift; sourceTree = "<group>"; };
		968B033D2AC6F66A008808B8 /* UIcolor+CALayer.swift */ = {isa = PBXFileReference; fileEncoding = 4; lastKnownFileType = sourcecode.swift; path = "UIcolor+CALayer.swift"; sourceTree = "<group>"; };
		968B033F2ACAA9A0008808B8 /* weatherCondition.swift */ = {isa = PBXFileReference; lastKnownFileType = sourcecode.swift; path = weatherCondition.swift; sourceTree = "<group>"; };
		D262CFF32AC3C10F001413AB /* StopWatchPage.storyboard */ = {isa = PBXFileReference; lastKnownFileType = file.storyboard; path = StopWatchPage.storyboard; sourceTree = "<group>"; };
		D262CFF52AC3C755001413AB /* StopWatch.swift */ = {isa = PBXFileReference; lastKnownFileType = sourcecode.swift; path = StopWatch.swift; sourceTree = "<group>"; };
		D262CFF72AC3C9B0001413AB /* UIButton+Extension.swift */ = {isa = PBXFileReference; lastKnownFileType = sourcecode.swift; path = "UIButton+Extension.swift"; sourceTree = "<group>"; };
		D262CFF92AC3C9ED001413AB /* UIView+Extension.swift */ = {isa = PBXFileReference; lastKnownFileType = sourcecode.swift; path = "UIView+Extension.swift"; sourceTree = "<group>"; };
		D262CFFB2AC3CC69001413AB /* TimerPage.storyboard */ = {isa = PBXFileReference; lastKnownFileType = file.storyboard; path = TimerPage.storyboard; sourceTree = "<group>"; };
		D262CFFD2AC3CD87001413AB /* TimerModel.swift */ = {isa = PBXFileReference; lastKnownFileType = sourcecode.swift; path = TimerModel.swift; sourceTree = "<group>"; };
		D262CFFF2AC3CFE5001413AB /* SelectRingtoneTableViewController.swift */ = {isa = PBXFileReference; lastKnownFileType = sourcecode.swift; path = SelectRingtoneTableViewController.swift; sourceTree = "<group>"; };
/* End PBXFileReference section */

/* Begin PBXFrameworksBuildPhase section */
		1C5EC7C52AC1D5D1003D1D81 /* Frameworks */ = {
			isa = PBXFrameworksBuildPhase;
			buildActionMask = 2147483647;
			files = (
				1C5EC8222AC32377003D1D81 /* Alamofire in Frameworks */,
				1C5EC81C2AC32349003D1D81 /* SnapKit in Frameworks */,
				1C5EC81F2AC32358003D1D81 /* Then in Frameworks */,
			);
			runOnlyForDeploymentPostprocessing = 0;
		};
/* End PBXFrameworksBuildPhase section */

/* Begin PBXGroup section */
		1C5EC7BF2AC1D5D1003D1D81 = {
			isa = PBXGroup;
			children = (
				1C5EC7CA2AC1D5D1003D1D81 /* Alarm */,
				1C5EC7C92AC1D5D1003D1D81 /* Products */,
			);
			sourceTree = "<group>";
		};
		1C5EC7C92AC1D5D1003D1D81 /* Products */ = {
			isa = PBXGroup;
			children = (
				1C5EC7C82AC1D5D1003D1D81 /* Alarm.app */,
			);
			name = Products;
			sourceTree = "<group>";
		};
		1C5EC7CA2AC1D5D1003D1D81 /* Alarm */ = {
			isa = PBXGroup;
			children = (
				1C5EC7F22AC1EE36003D1D81 /* Presentation */,
				1C5EC7E52AC1EA8F003D1D81 /* Global */,
				1C5EC7E42AC1E830003D1D81 /* Resource */,
				1C5EC7DF2AC1E77E003D1D81 /* Application */,
			);
			path = Alarm;
			sourceTree = "<group>";
		};
		1C5EC7DF2AC1E77E003D1D81 /* Application */ = {
			isa = PBXGroup;
			children = (
				1C5EC7E02AC1E77E003D1D81 /* AppDelegate.swift */,
				1C5EC7E12AC1E77E003D1D81 /* SceneDelegate.swift */,
				1C5EC7F72AC28FC9003D1D81 /* AppCoordinator.swift */,
				1C5EC7FD2AC29FC3003D1D81 /* MainTabBarCoordinator.swift */,
			);
			path = Application;
			sourceTree = "<group>";
		};
		1C5EC7E42AC1E830003D1D81 /* Resource */ = {
			isa = PBXGroup;
			children = (
				1C5EC7D42AC1D5D2003D1D81 /* Assets.xcassets */,
				1C5EC7D62AC1D5D2003D1D81 /* LaunchScreen.storyboard */,
				1C5EC7D92AC1D5D2003D1D81 /* Info.plist */,
			);
			path = Resource;
			sourceTree = "<group>";
		};
		1C5EC7E52AC1EA8F003D1D81 /* Global */ = {
			isa = PBXGroup;
			children = (
				1C5EC7F92AC292E9003D1D81 /* Enum */,
				1C5EC7E62AC1EA8F003D1D81 /* Literal */,
				1C5EC7E82AC1EA8F003D1D81 /* Extension */,
				1C5EC7EA2AC1EA8F003D1D81 /* Protocol */,
				1C5EC7EC2AC1EA8F003D1D81 /* Base */,
			);
			path = Global;
			sourceTree = "<group>";
		};
		1C5EC7E62AC1EA8F003D1D81 /* Literal */ = {
			isa = PBXGroup;
			children = (
				1C5EC7E72AC1EA8F003D1D81 /* .gitkeep */,
			);
			path = Literal;
			sourceTree = "<group>";
		};
		1C5EC7E82AC1EA8F003D1D81 /* Extension */ = {
			isa = PBXGroup;
			children = (
				1C5EC7E92AC1EA8F003D1D81 /* .gitkeep */,
				D262CFF72AC3C9B0001413AB /* UIButton+Extension.swift */,
				D262CFF92AC3C9ED001413AB /* UIView+Extension.swift */,
			);
			path = Extension;
			sourceTree = "<group>";
		};
		1C5EC7EA2AC1EA8F003D1D81 /* Protocol */ = {
			isa = PBXGroup;
			children = (
				1C5EC7F52AC28E33003D1D81 /* Coordinator.swift */,
			);
			path = Protocol;
			sourceTree = "<group>";
		};
		1C5EC7EC2AC1EA8F003D1D81 /* Base */ = {
			isa = PBXGroup;
			children = (
				1C5EC7F02AC1EAA1003D1D81 /* BaseUIViewController.swift */,
			);
			path = Base;
			sourceTree = "<group>";
		};
		1C5EC7F22AC1EE36003D1D81 /* Presentation */ = {
			isa = PBXGroup;
			children = (
				1C5EC8122AC2E056003D1D81 /* Timer */,
				1C5EC80D2AC2DF39003D1D81 /* Stopwatch */,
				1C5EC8072AC2AF5C003D1D81 /* Alarm */,
				1C5EC7FF2AC2A5D7003D1D81 /* Weather */,
			);
			path = Presentation;
			sourceTree = "<group>";
		};
		1C5EC7F92AC292E9003D1D81 /* Enum */ = {
			isa = PBXGroup;
			children = (
				1C5EC7FA2AC2931A003D1D81 /* MainTabBarItemType.swift */,
			);
			path = Enum;
			sourceTree = "<group>";
		};
		1C5EC7FF2AC2A5D7003D1D81 /* Weather */ = {
			isa = PBXGroup;
			children = (
				1C5EC8002AC2A5EE003D1D81 /* WeatherViewController.swift */,
				96330B772AC3D3B000C332F4 /* weatherAPI.swift */,
				1C5EC8022AC2A692003D1D81 /* WeatherViewCoordinator.swift */,
				96330B792AC423C700C332F4 /* detailInfoView.swift */,
				968B033D2AC6F66A008808B8 /* UIcolor+CALayer.swift */,
				968B033F2ACAA9A0008808B8 /* weatherCondition.swift */,
				1C328A232ACC383C00516D2A /* CAAnimationGradientLayer.swift */,
			);
			path = Weather;
			sourceTree = "<group>";
		};
		1C5EC8072AC2AF5C003D1D81 /* Alarm */ = {
			isa = PBXGroup;
			children = (
				1C77AA902AC3EB5100CE864C /* AddAlarm */,
				1C5EC8082AC2AF71003D1D81 /* AlarmViewController.swift */,
				1C5EC80A2AC2AF97003D1D81 /* AlarmViewCoordinator.swift */,
			);
			path = Alarm;
			sourceTree = "<group>";
		};
		1C5EC80D2AC2DF39003D1D81 /* Stopwatch */ = {
			isa = PBXGroup;
			children = (
				1C5EC80E2AC2DF49003D1D81 /* StopWatchViewController.swift */,
				1C5EC8102AC2DF80003D1D81 /* StopWatchViewCoordinator.swift */,
				D262CFF32AC3C10F001413AB /* StopWatchPage.storyboard */,
				D262CFF52AC3C755001413AB /* StopWatch.swift */,
			);
			path = Stopwatch;
			sourceTree = "<group>";
		};
		1C5EC8122AC2E056003D1D81 /* Timer */ = {
			isa = PBXGroup;
			children = (
				1C5EC8132AC2E061003D1D81 /* TimerViewController.swift */,
				1C5EC8152AC2E08B003D1D81 /* TimerViewCoordinator.swift */,
				D262CFFB2AC3CC69001413AB /* TimerPage.storyboard */,
				D262CFFD2AC3CD87001413AB /* TimerModel.swift */,
				D262CFFF2AC3CFE5001413AB /* SelectRingtoneTableViewController.swift */,
			);
			path = Timer;
			sourceTree = "<group>";
		};
		1C77AA902AC3EB5100CE864C /* AddAlarm */ = {
			isa = PBXGroup;
			children = (
				1C77AA912AC3EB6B00CE864C /* AddAlarmViewController.swift */,
				1C77AA932AC3F0FB00CE864C /* AddAlarmViewCoordinator.swift */,
				1C77AA952AC4066700CE864C /* NavigationCell.swift */,
				1C77AA972AC40A9300CE864C /* TextFieldCell.swift */,
				1C77AA992AC40C3F00CE864C /* SnoozeCell.swift */,
				1C77AA9B2AC41B0B00CE864C /* RepeatViewController.swift */,
				1C77AA9D2AC41D1600CE864C /* RepeatViewCoordinator.swift */,
				1C77AAA02AC42C4F00CE864C /* SoundViewController.swift */,
			);
			path = AddAlarm;
			sourceTree = "<group>";
		};
/* End PBXGroup section */

/* Begin PBXNativeTarget section */
		1C5EC7C72AC1D5D1003D1D81 /* Alarm */ = {
			isa = PBXNativeTarget;
			buildConfigurationList = 1C5EC7DC2AC1D5D2003D1D81 /* Build configuration list for PBXNativeTarget "Alarm" */;
			buildPhases = (
				1C5EC7C42AC1D5D1003D1D81 /* Sources */,
				1C5EC7C52AC1D5D1003D1D81 /* Frameworks */,
				1C5EC7C62AC1D5D1003D1D81 /* Resources */,
			);
			buildRules = (
			);
			dependencies = (
			);
			name = Alarm;
			packageProductDependencies = (
				1C5EC81B2AC32349003D1D81 /* SnapKit */,
				1C5EC81E2AC32358003D1D81 /* Then */,
				1C5EC8212AC32377003D1D81 /* Alamofire */,
			);
			productName = Alarm;
			productReference = 1C5EC7C82AC1D5D1003D1D81 /* Alarm.app */;
			productType = "com.apple.product-type.application";
		};
/* End PBXNativeTarget section */

/* Begin PBXProject section */
		1C5EC7C02AC1D5D1003D1D81 /* Project object */ = {
			isa = PBXProject;
			attributes = {
				BuildIndependentTargetsInParallel = 1;
				LastSwiftUpdateCheck = 1430;
				LastUpgradeCheck = 1430;
				TargetAttributes = {
					1C5EC7C72AC1D5D1003D1D81 = {
						CreatedOnToolsVersion = 14.3.1;
					};
				};
			};
			buildConfigurationList = 1C5EC7C32AC1D5D1003D1D81 /* Build configuration list for PBXProject "Alarm" */;
			compatibilityVersion = "Xcode 14.0";
			developmentRegion = en;
			hasScannedForEncodings = 0;
			knownRegions = (
				en,
				Base,
			);
			mainGroup = 1C5EC7BF2AC1D5D1003D1D81;
			packageReferences = (
				1C5EC81A2AC32349003D1D81 /* XCRemoteSwiftPackageReference "SnapKit" */,
				1C5EC81D2AC32358003D1D81 /* XCRemoteSwiftPackageReference "Then" */,
				1C5EC8202AC32377003D1D81 /* XCRemoteSwiftPackageReference "Alamofire" */,
			);
			productRefGroup = 1C5EC7C92AC1D5D1003D1D81 /* Products */;
			projectDirPath = "";
			projectRoot = "";
			targets = (
				1C5EC7C72AC1D5D1003D1D81 /* Alarm */,
			);
		};
/* End PBXProject section */

/* Begin PBXResourcesBuildPhase section */
		1C5EC7C62AC1D5D1003D1D81 /* Resources */ = {
			isa = PBXResourcesBuildPhase;
			buildActionMask = 2147483647;
			files = (
				1C5EC7D82AC1D5D2003D1D81 /* LaunchScreen.storyboard in Resources */,
				D262CFFC2AC3CC69001413AB /* TimerPage.storyboard in Resources */,
				D262CFF42AC3C10F001413AB /* StopWatchPage.storyboard in Resources */,
				1C5EC7D52AC1D5D2003D1D81 /* Assets.xcassets in Resources */,
			);
			runOnlyForDeploymentPostprocessing = 0;
		};
/* End PBXResourcesBuildPhase section */

/* Begin PBXSourcesBuildPhase section */
		1C5EC7C42AC1D5D1003D1D81 /* Sources */ = {
			isa = PBXSourcesBuildPhase;
			buildActionMask = 2147483647;
			files = (
				1C77AA9C2AC41B0B00CE864C /* RepeatViewController.swift in Sources */,
				1C5EC8092AC2AF71003D1D81 /* AlarmViewController.swift in Sources */,
				1C77AA9E2AC41D1600CE864C /* RepeatViewCoordinator.swift in Sources */,
				1C77AA9A2AC40C3F00CE864C /* SnoozeCell.swift in Sources */,
				1C5EC7F82AC28FC9003D1D81 /* AppCoordinator.swift in Sources */,
				1C5EC8012AC2A5EE003D1D81 /* WeatherViewController.swift in Sources */,
				D262CFF82AC3C9B0001413AB /* UIButton+Extension.swift in Sources */,
				1C5EC7E22AC1E77E003D1D81 /* AppDelegate.swift in Sources */,
				1C5EC80F2AC2DF49003D1D81 /* StopWatchViewController.swift in Sources */,
				1C5EC80F2AC2DF49003D1D81 /* StopWatchViewController.swift in Sources */,
				1C77AA962AC4066700CE864C /* NavigationCell.swift in Sources */,
				968B033E2AC6F66A008808B8 /* UIcolor+CALayer.swift in Sources */,
				96330B782AC3D3B000C332F4 /* weatherAPI.swift in Sources */,
				1C5EC8162AC2E08B003D1D81 /* TimerViewCoordinator.swift in Sources */,
				D262D0002AC3CFE5001413AB /* SelectRingtoneTableViewController.swift in Sources */,
				1C5EC8112AC2DF80003D1D81 /* StopWatchViewCoordinator.swift in Sources */,
				D262CFF62AC3C755001413AB /* StopWatch.swift in Sources */,
				968B03402ACAA9A0008808B8 /* weatherCondition.swift in Sources */,
				1C5EC7F12AC1EAA1003D1D81 /* BaseUIViewController.swift in Sources */,
				1C5EC8032AC2A692003D1D81 /* WeatherViewCoordinator.swift in Sources */,
				1C5EC7FE2AC29FC3003D1D81 /* MainTabBarCoordinator.swift in Sources */,
				D262CFFA2AC3C9ED001413AB /* UIView+Extension.swift in Sources */,
				1C77AA982AC40A9300CE864C /* TextFieldCell.swift in Sources */,
				1C5EC7F62AC28E33003D1D81 /* Coordinator.swift in Sources */,
				96330B7A2AC423C700C332F4 /* detailInfoView.swift in Sources */,
				1C5EC8142AC2E061003D1D81 /* TimerViewController.swift in Sources */,
				D262CFFE2AC3CD87001413AB /* TimerModel.swift in Sources */,
				1C77AA922AC3EB6B00CE864C /* AddAlarmViewController.swift in Sources */,
				1C328A242ACC383C00516D2A /* CAAnimationGradientLayer.swift in Sources */,
				1C5EC7FB2AC2931A003D1D81 /* MainTabBarItemType.swift in Sources */,
				1C77AA942AC3F0FB00CE864C /* AddAlarmViewCoordinator.swift in Sources */,
				1C5EC80B2AC2AF97003D1D81 /* AlarmViewCoordinator.swift in Sources */,
				1C5EC7E32AC1E77E003D1D81 /* SceneDelegate.swift in Sources */,
				1C77AAA12AC42C4F00CE864C /* SoundViewController.swift in Sources */,
			);
			runOnlyForDeploymentPostprocessing = 0;
		};
/* End PBXSourcesBuildPhase section */

/* Begin PBXVariantGroup section */
		1C5EC7D62AC1D5D2003D1D81 /* LaunchScreen.storyboard */ = {
			isa = PBXVariantGroup;
			children = (
				1C5EC7D72AC1D5D2003D1D81 /* Base */,
			);
			name = LaunchScreen.storyboard;
			sourceTree = "<group>";
		};
/* End PBXVariantGroup section */

/* Begin XCBuildConfiguration section */
		1C5EC7DA2AC1D5D2003D1D81 /* Debug */ = {
			isa = XCBuildConfiguration;
			buildSettings = {
				ALWAYS_SEARCH_USER_PATHS = NO;
				CLANG_ANALYZER_NONNULL = YES;
				CLANG_ANALYZER_NUMBER_OBJECT_CONVERSION = YES_AGGRESSIVE;
				CLANG_CXX_LANGUAGE_STANDARD = "gnu++20";
				CLANG_ENABLE_MODULES = YES;
				CLANG_ENABLE_OBJC_ARC = YES;
				CLANG_ENABLE_OBJC_WEAK = YES;
				CLANG_WARN_BLOCK_CAPTURE_AUTORELEASING = YES;
				CLANG_WARN_BOOL_CONVERSION = YES;
				CLANG_WARN_COMMA = YES;
				CLANG_WARN_CONSTANT_CONVERSION = YES;
				CLANG_WARN_DEPRECATED_OBJC_IMPLEMENTATIONS = YES;
				CLANG_WARN_DIRECT_OBJC_ISA_USAGE = YES_ERROR;
				CLANG_WARN_DOCUMENTATION_COMMENTS = YES;
				CLANG_WARN_EMPTY_BODY = YES;
				CLANG_WARN_ENUM_CONVERSION = YES;
				CLANG_WARN_INFINITE_RECURSION = YES;
				CLANG_WARN_INT_CONVERSION = YES;
				CLANG_WARN_NON_LITERAL_NULL_CONVERSION = YES;
				CLANG_WARN_OBJC_IMPLICIT_RETAIN_SELF = YES;
				CLANG_WARN_OBJC_LITERAL_CONVERSION = YES;
				CLANG_WARN_OBJC_ROOT_CLASS = YES_ERROR;
				CLANG_WARN_QUOTED_INCLUDE_IN_FRAMEWORK_HEADER = YES;
				CLANG_WARN_RANGE_LOOP_ANALYSIS = YES;
				CLANG_WARN_STRICT_PROTOTYPES = YES;
				CLANG_WARN_SUSPICIOUS_MOVE = YES;
				CLANG_WARN_UNGUARDED_AVAILABILITY = YES_AGGRESSIVE;
				CLANG_WARN_UNREACHABLE_CODE = YES;
				CLANG_WARN__DUPLICATE_METHOD_MATCH = YES;
				COPY_PHASE_STRIP = NO;
				DEBUG_INFORMATION_FORMAT = dwarf;
				ENABLE_STRICT_OBJC_MSGSEND = YES;
				ENABLE_TESTABILITY = YES;
				GCC_C_LANGUAGE_STANDARD = gnu11;
				GCC_DYNAMIC_NO_PIC = NO;
				GCC_NO_COMMON_BLOCKS = YES;
				GCC_OPTIMIZATION_LEVEL = 0;
				GCC_PREPROCESSOR_DEFINITIONS = (
					"DEBUG=1",
					"$(inherited)",
				);
				GCC_WARN_64_TO_32_BIT_CONVERSION = YES;
				GCC_WARN_ABOUT_RETURN_TYPE = YES_ERROR;
				GCC_WARN_UNDECLARED_SELECTOR = YES;
				GCC_WARN_UNINITIALIZED_AUTOS = YES_AGGRESSIVE;
				GCC_WARN_UNUSED_FUNCTION = YES;
				GCC_WARN_UNUSED_VARIABLE = YES;
				IPHONEOS_DEPLOYMENT_TARGET = 16.4;
				MTL_ENABLE_DEBUG_INFO = INCLUDE_SOURCE;
				MTL_FAST_MATH = YES;
				ONLY_ACTIVE_ARCH = YES;
				SDKROOT = iphoneos;
				SWIFT_ACTIVE_COMPILATION_CONDITIONS = DEBUG;
				SWIFT_OPTIMIZATION_LEVEL = "-Onone";
			};
			name = Debug;
		};
		1C5EC7DB2AC1D5D2003D1D81 /* Release */ = {
			isa = XCBuildConfiguration;
			buildSettings = {
				ALWAYS_SEARCH_USER_PATHS = NO;
				CLANG_ANALYZER_NONNULL = YES;
				CLANG_ANALYZER_NUMBER_OBJECT_CONVERSION = YES_AGGRESSIVE;
				CLANG_CXX_LANGUAGE_STANDARD = "gnu++20";
				CLANG_ENABLE_MODULES = YES;
				CLANG_ENABLE_OBJC_ARC = YES;
				CLANG_ENABLE_OBJC_WEAK = YES;
				CLANG_WARN_BLOCK_CAPTURE_AUTORELEASING = YES;
				CLANG_WARN_BOOL_CONVERSION = YES;
				CLANG_WARN_COMMA = YES;
				CLANG_WARN_CONSTANT_CONVERSION = YES;
				CLANG_WARN_DEPRECATED_OBJC_IMPLEMENTATIONS = YES;
				CLANG_WARN_DIRECT_OBJC_ISA_USAGE = YES_ERROR;
				CLANG_WARN_DOCUMENTATION_COMMENTS = YES;
				CLANG_WARN_EMPTY_BODY = YES;
				CLANG_WARN_ENUM_CONVERSION = YES;
				CLANG_WARN_INFINITE_RECURSION = YES;
				CLANG_WARN_INT_CONVERSION = YES;
				CLANG_WARN_NON_LITERAL_NULL_CONVERSION = YES;
				CLANG_WARN_OBJC_IMPLICIT_RETAIN_SELF = YES;
				CLANG_WARN_OBJC_LITERAL_CONVERSION = YES;
				CLANG_WARN_OBJC_ROOT_CLASS = YES_ERROR;
				CLANG_WARN_QUOTED_INCLUDE_IN_FRAMEWORK_HEADER = YES;
				CLANG_WARN_RANGE_LOOP_ANALYSIS = YES;
				CLANG_WARN_STRICT_PROTOTYPES = YES;
				CLANG_WARN_SUSPICIOUS_MOVE = YES;
				CLANG_WARN_UNGUARDED_AVAILABILITY = YES_AGGRESSIVE;
				CLANG_WARN_UNREACHABLE_CODE = YES;
				CLANG_WARN__DUPLICATE_METHOD_MATCH = YES;
				COPY_PHASE_STRIP = NO;
				DEBUG_INFORMATION_FORMAT = "dwarf-with-dsym";
				ENABLE_NS_ASSERTIONS = NO;
				ENABLE_STRICT_OBJC_MSGSEND = YES;
				GCC_C_LANGUAGE_STANDARD = gnu11;
				GCC_NO_COMMON_BLOCKS = YES;
				GCC_WARN_64_TO_32_BIT_CONVERSION = YES;
				GCC_WARN_ABOUT_RETURN_TYPE = YES_ERROR;
				GCC_WARN_UNDECLARED_SELECTOR = YES;
				GCC_WARN_UNINITIALIZED_AUTOS = YES_AGGRESSIVE;
				GCC_WARN_UNUSED_FUNCTION = YES;
				GCC_WARN_UNUSED_VARIABLE = YES;
				IPHONEOS_DEPLOYMENT_TARGET = 16.4;
				MTL_ENABLE_DEBUG_INFO = NO;
				MTL_FAST_MATH = YES;
				SDKROOT = iphoneos;
				SWIFT_COMPILATION_MODE = wholemodule;
				SWIFT_OPTIMIZATION_LEVEL = "-O";
				VALIDATE_PRODUCT = YES;
			};
			name = Release;
		};
		1C5EC7DD2AC1D5D2003D1D81 /* Debug */ = {
			isa = XCBuildConfiguration;
			buildSettings = {
				ASSETCATALOG_COMPILER_APPICON_NAME = AppIcon;
				ASSETCATALOG_COMPILER_GLOBAL_ACCENT_COLOR_NAME = AccentColor;
				CODE_SIGN_STYLE = Automatic;
				CURRENT_PROJECT_VERSION = 1;
				GENERATE_INFOPLIST_FILE = YES;
				INFOPLIST_FILE = Alarm/Resource/Info.plist;
				INFOPLIST_KEY_LSApplicationCategoryType = "public.app-category.utilities";
				INFOPLIST_KEY_UIApplicationSupportsIndirectInputEvents = YES;
				INFOPLIST_KEY_UILaunchStoryboardName = LaunchScreen;
				INFOPLIST_KEY_UISupportedInterfaceOrientations = UIInterfaceOrientationPortrait;
				IPHONEOS_DEPLOYMENT_TARGET = 14.0;
				LD_RUNPATH_SEARCH_PATHS = (
					"$(inherited)",
					"@executable_path/Frameworks",
				);
				MARKETING_VERSION = 1.0;
				PRODUCT_BUNDLE_IDENTIFIER = archive.nbcamp.Alarm;
				PRODUCT_NAME = "$(TARGET_NAME)";
				SWIFT_EMIT_LOC_STRINGS = YES;
				SWIFT_VERSION = 5.0;
				TARGETED_DEVICE_FAMILY = "1,2";
			};
			name = Debug;
		};
		1C5EC7DE2AC1D5D2003D1D81 /* Release */ = {
			isa = XCBuildConfiguration;
			buildSettings = {
				ASSETCATALOG_COMPILER_APPICON_NAME = AppIcon;
				ASSETCATALOG_COMPILER_GLOBAL_ACCENT_COLOR_NAME = AccentColor;
				CODE_SIGN_STYLE = Automatic;
				CURRENT_PROJECT_VERSION = 1;
				GENERATE_INFOPLIST_FILE = YES;
				INFOPLIST_FILE = Alarm/Resource/Info.plist;
				INFOPLIST_KEY_LSApplicationCategoryType = "public.app-category.utilities";
				INFOPLIST_KEY_UIApplicationSupportsIndirectInputEvents = YES;
				INFOPLIST_KEY_UILaunchStoryboardName = LaunchScreen;
				INFOPLIST_KEY_UISupportedInterfaceOrientations = UIInterfaceOrientationPortrait;
				IPHONEOS_DEPLOYMENT_TARGET = 14.0;
				LD_RUNPATH_SEARCH_PATHS = (
					"$(inherited)",
					"@executable_path/Frameworks",
				);
				MARKETING_VERSION = 1.0;
				PRODUCT_BUNDLE_IDENTIFIER = archive.nbcamp.Alarm;
				PRODUCT_NAME = "$(TARGET_NAME)";
				SWIFT_EMIT_LOC_STRINGS = YES;
				SWIFT_VERSION = 5.0;
				TARGETED_DEVICE_FAMILY = "1,2";
			};
			name = Release;
		};
/* End XCBuildConfiguration section */

/* Begin XCConfigurationList section */
		1C5EC7C32AC1D5D1003D1D81 /* Build configuration list for PBXProject "Alarm" */ = {
			isa = XCConfigurationList;
			buildConfigurations = (
				1C5EC7DA2AC1D5D2003D1D81 /* Debug */,
				1C5EC7DB2AC1D5D2003D1D81 /* Release */,
			);
			defaultConfigurationIsVisible = 0;
			defaultConfigurationName = Release;
		};
		1C5EC7DC2AC1D5D2003D1D81 /* Build configuration list for PBXNativeTarget "Alarm" */ = {
			isa = XCConfigurationList;
			buildConfigurations = (
				1C5EC7DD2AC1D5D2003D1D81 /* Debug */,
				1C5EC7DE2AC1D5D2003D1D81 /* Release */,
			);
			defaultConfigurationIsVisible = 0;
			defaultConfigurationName = Release;
		};
/* End XCConfigurationList section */

/* Begin XCRemoteSwiftPackageReference section */
		1C5EC81A2AC32349003D1D81 /* XCRemoteSwiftPackageReference "SnapKit" */ = {
			isa = XCRemoteSwiftPackageReference;
			repositoryURL = "https://github.com/SnapKit/SnapKit.git";
			requirement = {
				kind = upToNextMajorVersion;
				minimumVersion = 5.0.0;
			};
		};
		1C5EC81D2AC32358003D1D81 /* XCRemoteSwiftPackageReference "Then" */ = {
			isa = XCRemoteSwiftPackageReference;
			repositoryURL = "https://github.com/devxoul/Then.git";
			requirement = {
				kind = upToNextMajorVersion;
				minimumVersion = 3.0.0;
			};
		};
		1C5EC8202AC32377003D1D81 /* XCRemoteSwiftPackageReference "Alamofire" */ = {
			isa = XCRemoteSwiftPackageReference;
			repositoryURL = "https://github.com/Alamofire/Alamofire.git";
			requirement = {
				kind = upToNextMajorVersion;
				minimumVersion = 5.0.0;
			};
		};
/* End XCRemoteSwiftPackageReference section */

/* Begin XCSwiftPackageProductDependency section */
		1C5EC81B2AC32349003D1D81 /* SnapKit */ = {
			isa = XCSwiftPackageProductDependency;
			package = 1C5EC81A2AC32349003D1D81 /* XCRemoteSwiftPackageReference "SnapKit" */;
			productName = SnapKit;
		};
		1C5EC81E2AC32358003D1D81 /* Then */ = {
			isa = XCSwiftPackageProductDependency;
			package = 1C5EC81D2AC32358003D1D81 /* XCRemoteSwiftPackageReference "Then" */;
			productName = Then;
		};
		1C5EC8212AC32377003D1D81 /* Alamofire */ = {
			isa = XCSwiftPackageProductDependency;
			package = 1C5EC8202AC32377003D1D81 /* XCRemoteSwiftPackageReference "Alamofire" */;
			productName = Alamofire;
		};
/* End XCSwiftPackageProductDependency section */
	};
	rootObject = 1C5EC7C02AC1D5D1003D1D81 /* Project object */;
}
